Microsoft Visual Studio Solution File, Format Version 8.00
Project("{8BC9CEB8-8B4A-11D0-8D11-00A0C91BC942}") = "GuiLib", "GuiLib\GuiLib\GuiLib.vcproj", "{6F3A1336-57AE-4E33-8851-173A95AA5955}"
	ProjectSection(ProjectDependencies) = postProject
	EndProjectSection
EndProject
Project("{8BC9CEB8-8B4A-11D0-8D11-00A0C91BC942}") = "VVMapEditor", "VVMapEditor.vcproj", "{ADBB4B41-E9B9-44B5-978D-027ECFD61421}"
	ProjectSection(ProjectDependencies) = postProject
		{0B7C220F-2C7C-44DE-8FD1-A13A810121F5} = {0B7C220F-2C7C-44DE-8FD1-A13A810121F5}
		{A49CC018-A722-442B-B2BF-59D74DDA9077} = {A49CC018-A722-442B-B2BF-59D74DDA9077}
		{D6261C25-7FBB-4487-A654-2B8D930016E9} = {D6261C25-7FBB-4487-A654-2B8D930016E9}
		{6F3A1336-57AE-4E33-8851-173A95AA5955} = {6F3A1336-57AE-4E33-8851-173A95AA5955}
		{49660352-3E05-4231-A490-D01F87A694C1} = {49660352-3E05-4231-A490-D01F87A694C1}
	EndProjectSection
EndProject
Project("{8BC9CEB8-8B4A-11D0-8D11-00A0C91BC942}") = "VVMapInterface", "..\..\SRS\VVMapInterface\trunk\VVMapInterface.vcproj", "{0B7C220F-2C7C-44DE-8FD1-A13A810121F5}"
	ProjectSection(ProjectDependencies) = postProject
		{7226F36B-9B36-4B4C-AF27-68D13EAD1C12} = {7226F36B-9B36-4B4C-AF27-68D13EAD1C12}
		{9B7F809F-CEE1-40BF-9C32-B02CBC339FC9} = {9B7F809F-CEE1-40BF-9C32-B02CBC339FC9}
	EndProjectSection
EndProject
Project("{8BC9CEB8-8B4A-11D0-8D11-00A0C91BC942}") = "Mapped Image", "..\..\mapimg\trunk\mapimg71.vcproj", "{A49CC018-A722-442B-B2BF-59D74DDA9077}"
	ProjectSection(ProjectDependencies) = postProject
		{BCBF187F-49BC-450A-A05D-6B81DC23BF6F} = {BCBF187F-49BC-450A-A05D-6B81DC23BF6F}
	EndProjectSection
EndProject
Project("{8BC9CEB8-8B4A-11D0-8D11-00A0C91BC942}") = "zlibex", "..\..\..\..\3rd_party\zlibex121\zlibex\zlibex.vcproj", "{9B7F809F-CEE1-40BF-9C32-B02CBC339FC9}"
	ProjectSection(ProjectDependencies) = postProject
	EndProjectSection
EndProject
Project("{8BC9CEB8-8B4A-11D0-8D11-00A0C91BC942}") = "Fourier", "..\..\SRS\trunk\SourceLibrary\Fourier\Fourier.vcproj", "{7226F36B-9B36-4B4C-AF27-68D13EAD1C12}"
	ProjectSection(ProjectDependencies) = postProject
	EndProjectSection
EndProject
Project("{8BC9CEB8-8B4A-11D0-8D11-00A0C91BC942}") = "BaseClasses Apr05", "..\..\..\..\3rd_party\BaseClasses_Apr05\baseclasses71.vcproj", "{D6261C25-7FBB-4487-A654-2B8D930016E9}"
	ProjectSection(ProjectDependencies) = postProject
	EndProjectSection
EndProject
Project("{8BC9CEB8-8B4A-11D0-8D11-00A0C91BC942}") = "DBBridge", "..\..\DBBridge\trunk\DBBridge.vcproj", "{49660352-3E05-4231-A490-D01F87A694C1}"
	ProjectSection(ProjectDependencies) = postProject
	EndProjectSection
EndProject
Project("{8BC9CEB8-8B4A-11D0-8D11-00A0C91BC942}") = "ElveesTools", "..\..\..\..\CommonLibs\HEAD\ElveesTools\trunk\ElveesTools71.vcproj", "{BCBF187F-49BC-450A-A05D-6B81DC23BF6F}"
	ProjectSection(ProjectDependencies) = postProject
	EndProjectSection
EndProject
Global
	GlobalSection(DPCodeReviewSolutionGUID) = preSolution
		DPCodeReviewSolutionGUID = {00000000-0000-0000-0000-000000000000}
	EndGlobalSection
	GlobalSection(SolutionConfiguration) = preSolution
		Debug = Debug
		Release = Release
		Unicode Debug = Unicode Debug
		Unicode Release = Unicode Release
	EndGlobalSection
	GlobalSection(ProjectConfiguration) = postSolution
		{6F3A1336-57AE-4E33-8851-173A95AA5955}.Debug.ActiveCfg = Debug|Win32
		{6F3A1336-57AE-4E33-8851-173A95AA5955}.Debug.Build.0 = Debug|Win32
		{6F3A1336-57AE-4E33-8851-173A95AA5955}.Release.ActiveCfg = Release|Win32
		{6F3A1336-57AE-4E33-8851-173A95AA5955}.Release.Build.0 = Release|Win32
		{6F3A1336-57AE-4E33-8851-173A95AA5955}.Unicode Debug.ActiveCfg = Unicode Debug|Win32
		{6F3A1336-57AE-4E33-8851-173A95AA5955}.Unicode Debug.Build.0 = Unicode Debug|Win32
		{6F3A1336-57AE-4E33-8851-173A95AA5955}.Unicode Release.ActiveCfg = Unicode Release|Win32
		{6F3A1336-57AE-4E33-8851-173A95AA5955}.Unicode Release.Build.0 = Unicode Release|Win32
		{ADBB4B41-E9B9-44B5-978D-027ECFD61421}.Debug.ActiveCfg = Debug|Win32
		{ADBB4B41-E9B9-44B5-978D-027ECFD61421}.Debug.Build.0 = Debug|Win32
		{ADBB4B41-E9B9-44B5-978D-027ECFD61421}.Release.ActiveCfg = Release|Win32
		{ADBB4B41-E9B9-44B5-978D-027ECFD61421}.Release.Build.0 = Release|Win32
		{ADBB4B41-E9B9-44B5-978D-027ECFD61421}.Unicode Debug.ActiveCfg = Unicode Debug|Win32
		{ADBB4B41-E9B9-44B5-978D-027ECFD61421}.Unicode Debug.Build.0 = Unicode Debug|Win32
		{ADBB4B41-E9B9-44B5-978D-027ECFD61421}.Unicode Release.ActiveCfg = Unicode Release|Win32
		{ADBB4B41-E9B9-44B5-978D-027ECFD61421}.Unicode Release.Build.0 = Unicode Release|Win32
		{0B7C220F-2C7C-44DE-8FD1-A13A810121F5}.Debug.ActiveCfg = Debug|Win32
		{0B7C220F-2C7C-44DE-8FD1-A13A810121F5}.Debug.Build.0 = Debug|Win32
		{0B7C220F-2C7C-44DE-8FD1-A13A810121F5}.Release.ActiveCfg = Release|Win32
		{0B7C220F-2C7C-44DE-8FD1-A13A810121F5}.Release.Build.0 = Release|Win32
		{0B7C220F-2C7C-44DE-8FD1-A13A810121F5}.Unicode Debug.ActiveCfg = Unicode Debug|Win32
		{0B7C220F-2C7C-44DE-8FD1-A13A810121F5}.Unicode Debug.Build.0 = Unicode Debug|Win32
		{0B7C220F-2C7C-44DE-8FD1-A13A810121F5}.Unicode Release.ActiveCfg = Unicode Release|Win32
		{0B7C220F-2C7C-44DE-8FD1-A13A810121F5}.Unicode Release.Build.0 = Unicode Release|Win32
		{A49CC018-A722-442B-B2BF-59D74DDA9077}.Debug.ActiveCfg = Debug|Win32
		{A49CC018-A722-442B-B2BF-59D74DDA9077}.Debug.Build.0 = Debug|Win32
		{A49CC018-A722-442B-B2BF-59D74DDA9077}.Release.ActiveCfg = Release|Win32
		{A49CC018-A722-442B-B2BF-59D74DDA9077}.Release.Build.0 = Release|Win32
		{A49CC018-A722-442B-B2BF-59D74DDA9077}.Unicode Debug.ActiveCfg = Unicode Debug|Win32
		{A49CC018-A722-442B-B2BF-59D74DDA9077}.Unicode Debug.Build.0 = Unicode Debug|Win32
		{A49CC018-A722-442B-B2BF-59D74DDA9077}.Unicode Release.ActiveCfg = Unicode Release|Win32
		{A49CC018-A722-442B-B2BF-59D74DDA9077}.Unicode Release.Build.0 = Unicode Release|Win32
		{9B7F809F-CEE1-40BF-9C32-B02CBC339FC9}.Debug.ActiveCfg = Debug|Win32
		{9B7F809F-CEE1-40BF-9C32-B02CBC339FC9}.Debug.Build.0 = Debug|Win32
		{9B7F809F-CEE1-40BF-9C32-B02CBC339FC9}.Release.ActiveCfg = Release|Win32
		{9B7F809F-CEE1-40BF-9C32-B02CBC339FC9}.Release.Build.0 = Release|Win32
		{9B7F809F-CEE1-40BF-9C32-B02CBC339FC9}.Unicode Debug.ActiveCfg = Unicode Debug|Win32
		{9B7F809F-CEE1-40BF-9C32-B02CBC339FC9}.Unicode Debug.Build.0 = Unicode Debug|Win32
		{9B7F809F-CEE1-40BF-9C32-B02CBC339FC9}.Unicode Release.ActiveCfg = Unicode Release|Win32
		{9B7F809F-CEE1-40BF-9C32-B02CBC339FC9}.Unicode Release.Build.0 = Unicode Release|Win32
		{7226F36B-9B36-4B4C-AF27-68D13EAD1C12}.Debug.ActiveCfg = Unicode Debug|Win32
		{7226F36B-9B36-4B4C-AF27-68D13EAD1C12}.Debug.Build.0 = Unicode Debug|Win32
		{7226F36B-9B36-4B4C-AF27-68D13EAD1C12}.Release.ActiveCfg = Unicode Release|Win32
		{7226F36B-9B36-4B4C-AF27-68D13EAD1C12}.Release.Build.0 = Unicode Release|Win32
		{7226F36B-9B36-4B4C-AF27-68D13EAD1C12}.Unicode Debug.ActiveCfg = Unicode Debug|Win32
		{7226F36B-9B36-4B4C-AF27-68D13EAD1C12}.Unicode Debug.Build.0 = Unicode Debug|Win32
		{7226F36B-9B36-4B4C-AF27-68D13EAD1C12}.Unicode Release.ActiveCfg = Unicode Release|Win32
		{7226F36B-9B36-4B4C-AF27-68D13EAD1C12}.Unicode Release.Build.0 = Unicode Release|Win32
		{D6261C25-7FBB-4487-A654-2B8D930016E9}.Debug.ActiveCfg = Debug|Win32
		{D6261C25-7FBB-4487-A654-2B8D930016E9}.Debug.Build.0 = Debug|Win32
		{D6261C25-7FBB-4487-A654-2B8D930016E9}.Release.ActiveCfg = Release|Win32
		{D6261C25-7FBB-4487-A654-2B8D930016E9}.Release.Build.0 = Release|Win32
		{D6261C25-7FBB-4487-A654-2B8D930016E9}.Unicode Debug.ActiveCfg = Unicode Debug|Win32
		{D6261C25-7FBB-4487-A654-2B8D930016E9}.Unicode Debug.Build.0 = Unicode Debug|Win32
		{D6261C25-7FBB-4487-A654-2B8D930016E9}.Unicode Release.ActiveCfg = Unicode Release|Win32
		{D6261C25-7FBB-4487-A654-2B8D930016E9}.Unicode Release.Build.0 = Unicode Release|Win32
		{49660352-3E05-4231-A490-D01F87A694C1}.Debug.ActiveCfg = Unicode Debug|Win32
		{49660352-3E05-4231-A490-D01F87A694C1}.Debug.Build.0 = Unicode Debug|Win32
		{49660352-3E05-4231-A490-D01F87A694C1}.Release.ActiveCfg = Unicode Release|Win32
		{49660352-3E05-4231-A490-D01F87A694C1}.Release.Build.0 = Unicode Release|Win32
		{49660352-3E05-4231-A490-D01F87A694C1}.Unicode Debug.ActiveCfg = Unicode Debug|Win32
		{49660352-3E05-4231-A490-D01F87A694C1}.Unicode Debug.Build.0 = Unicode Debug|Win32
		{49660352-3E05-4231-A490-D01F87A694C1}.Unicode Release.ActiveCfg = Unicode Release|Win32
		{49660352-3E05-4231-A490-D01F87A694C1}.Unicode Release.Build.0 = Unicode Release|Win32
		{BCBF187F-49BC-450A-A05D-6B81DC23BF6F}.Debug.ActiveCfg = Debug|Win32
		{BCBF187F-49BC-450A-A05D-6B81DC23BF6F}.Debug.Build.0 = Debug|Win32
		{BCBF187F-49BC-450A-A05D-6B81DC23BF6F}.Release.ActiveCfg = Release|Win32
		{BCBF187F-49BC-450A-A05D-6B81DC23BF6F}.Release.Build.0 = Release|Win32
		{BCBF187F-49BC-450A-A05D-6B81DC23BF6F}.Unicode Debug.ActiveCfg = Unicode Debug|Win32
		{BCBF187F-49BC-450A-A05D-6B81DC23BF6F}.Unicode Debug.Build.0 = Unicode Debug|Win32
		{BCBF187F-49BC-450A-A05D-6B81DC23BF6F}.Unicode Release.ActiveCfg = Unicode Release|Win32
		{BCBF187F-49BC-450A-A05D-6B81DC23BF6F}.Unicode Release.Build.0 = Unicode Release|Win32
	EndGlobalSection
	GlobalSection(ExtensibilityGlobals) = postSolution
	EndGlobalSection
	GlobalSection(ExtensibilityAddIns) = postSolution
	EndGlobalSection
EndGlobal
