Microsoft Visual Studio Solution File, Format Version 9.00
# Visual Studio 2005
Project("{8BC9CEB8-8B4A-11D0-8D11-00A0C91BC942}") = "Fourier", "Fourier_80.vcproj", "{9E13E68A-7E14-49B6-80D0-7B7DBE574A49}"
EndProject
Global
	GlobalSection(DPCodeReviewSolutionGUID) = preSolution
		DPCodeReviewSolutionGUID = {00000000-0000-0000-0000-000000000000}
	EndGlobalSection
	GlobalSection(SolutionConfigurationPlatforms) = preSolution
		Debug|Win32 = Debug|Win32
		Release|Win32 = Release|Win32
		Unicode Debug|Win32 = Unicode Debug|Win32
		Unicode Release|Win32 = Unicode Release|Win32
	EndGlobalSection
	GlobalSection(ProjectConfigurationPlatforms) = postSolution
		{9E13E68A-7E14-49B6-80D0-7B7DBE574A49}.Debug|Win32.ActiveCfg = Debug|Win32
		{9E13E68A-7E14-49B6-80D0-7B7DBE574A49}.Debug|Win32.Build.0 = Debug|Win32
		{9E13E68A-7E14-49B6-80D0-7B7DBE574A49}.Release|Win32.ActiveCfg = Release|Win32
		{9E13E68A-7E14-49B6-80D0-7B7DBE574A49}.Release|Win32.Build.0 = Release|Win32
		{9E13E68A-7E14-49B6-80D0-7B7DBE574A49}.Unicode Debug|Win32.ActiveCfg = Unicode Debug|Win32
		{9E13E68A-7E14-49B6-80D0-7B7DBE574A49}.Unicode Debug|Win32.Build.0 = Unicode Debug|Win32
		{9E13E68A-7E14-49B6-80D0-7B7DBE574A49}.Unicode Release|Win32.ActiveCfg = Unicode Release|Win32
		{9E13E68A-7E14-49B6-80D0-7B7DBE574A49}.Unicode Release|Win32.Build.0 = Unicode Release|Win32
	EndGlobalSection
	GlobalSection(SolutionProperties) = preSolution
		HideSolutionNode = FALSE
	EndGlobalSection
EndGlobal
