<?xml version="1.0" encoding="utf-8"?>
<Project ToolsVersion="4.0" xmlns="http://schemas.microsoft.com/developer/msbuild/2003">
  <ItemGroup>
    <Filter Include="Source Files">
      <UniqueIdentifier>{42e9f1e0-044d-42ab-9544-e1dcf65eccb5}</UniqueIdentifier>
      <Extensions>cpp;c;cxx;rc;def;r;odl;idl;hpj;bat</Extensions>
    </Filter>
    <Filter Include="Header Files">
      <UniqueIdentifier>{4a7030a9-2fc7-478e-ab9f-d9f2e25c7cb6}</UniqueIdentifier>
      <Extensions>h;hpp;hxx;hm;inl</Extensions>
    </Filter>
    <Filter Include="Resource Files">
      <UniqueIdentifier>{c0b5f878-ffb2-4b29-8752-065916dd227b}</UniqueIdentifier>
      <Extensions>ico;cur;bmp;dlg;rc2;rct;bin;rgs;gif;jpg;jpeg;jpe</Extensions>
    </Filter>
    <Filter Include="Background">
      <UniqueIdentifier>{f5326c2d-4699-496c-a7df-5313919a47b8}</UniqueIdentifier>
    </Filter>
    <Filter Include="DB">
      <UniqueIdentifier>{8eefab33-265f-4870-9424-b80cfa011e77}</UniqueIdentifier>
    </Filter>
    <Filter Include="DB\md5">
      <UniqueIdentifier>{46c0d614-2b09-4142-962d-9089b7926ae7}</UniqueIdentifier>
    </Filter>
  </ItemGroup>
  <ItemGroup>
    <ClCompile Include="AllMapView.cpp">
      <Filter>Source Files</Filter>
    </ClCompile>
    <ClCompile Include="AnchorBar.cpp">
      <Filter>Source Files</Filter>
    </ClCompile>
    <ClCompile Include="AnchorDlg.cpp">
      <Filter>Source Files</Filter>
    </ClCompile>
    <ClCompile Include="AnchorView.cpp">
      <Filter>Source Files</Filter>
    </ClCompile>
    <ClCompile Include="Background.cpp">
      <Filter>Source Files</Filter>
    </ClCompile>
    <ClCompile Include="CacheDC.cpp">
      <Filter>Source Files</Filter>
    </ClCompile>
    <ClCompile Include="CameraBar.cpp">
      <Filter>Source Files</Filter>
    </ClCompile>
    <ClCompile Include="CameraView.cpp">
      <Filter>Source Files</Filter>
    </ClCompile>
    <ClCompile Include="ChooseCompressor.cpp">
      <Filter>Source Files</Filter>
    </ClCompile>
    <ClCompile Include="CJFlatComboBox.cpp">
      <Filter>Source Files</Filter>
    </ClCompile>
    <ClCompile Include="Color.cpp">
      <Filter>Source Files</Filter>
    </ClCompile>
    <ClCompile Include="ColorListCtrl.cpp">
      <Filter>Source Files</Filter>
    </ClCompile>
    <ClCompile Include="ColorOptionPage.cpp">
      <Filter>Source Files</Filter>
    </ClCompile>
    <ClCompile Include="ColorStatic.cpp">
      <Filter>Source Files</Filter>
    </ClCompile>
    <ClCompile Include="CompileBar.cpp">
      <Filter>Source Files</Filter>
    </ClCompile>
    <ClCompile Include="CRangeEdit.cpp">
      <Filter>Source Files</Filter>
    </ClCompile>
    <ClCompile Include="CreateCADlg.cpp">
      <Filter>Source Files</Filter>
    </ClCompile>
    <ClCompile Include="CrossCtrl.cpp">
      <Filter>Source Files</Filter>
    </ClCompile>
    <ClCompile Include="CustomOptionDialog.cpp">
      <Filter>Source Files</Filter>
    </ClCompile>
    <ClCompile Include="DocManagerEx.cpp">
      <Filter>Source Files</Filter>
    </ClCompile>
    <ClCompile Include="DrawHelper.cpp">
      <Filter>Source Files</Filter>
    </ClCompile>
    <ClCompile Include="EditTreeCtrl.cpp">
      <Filter>Source Files</Filter>
    </ClCompile>
    <ClCompile Include="EmptyBackground.cpp">
      <Filter>Source Files</Filter>
    </ClCompile>
    <ClCompile Include="ExceptionAttacher.cpp">
      <Filter>Source Files</Filter>
    </ClCompile>
    <ClCompile Include="ExceptionHandler.cpp">
      <Filter>Source Files</Filter>
    </ClCompile>
    <ClCompile Include="ExtentBar.cpp">
      <Filter>Source Files</Filter>
    </ClCompile>
    <ClCompile Include="ExtentTree.cpp">
      <Filter>Source Files</Filter>
    </ClCompile>
    <ClCompile Include="ExtentView.cpp">
      <Filter>Source Files</Filter>
    </ClCompile>
    <ClCompile Include="FigPolyline.cpp">
      <Filter>Source Files</Filter>
    </ClCompile>
    <ClCompile Include="FileDialogEx.cpp">
      <Filter>Source Files</Filter>
    </ClCompile>
    <ClCompile Include="FileDialogShortEx.cpp">
      <Filter>Source Files</Filter>
    </ClCompile>
    <ClCompile Include="GridCtrl\GridCell.cpp">
      <Filter>Source Files</Filter>
    </ClCompile>
    <ClCompile Include="GridCtrl\GridCellBase.cpp">
      <Filter>Source Files</Filter>
    </ClCompile>
    <ClCompile Include="GridCtrl\GridCtrl.cpp">
      <Filter>Source Files</Filter>
    </ClCompile>
    <ClCompile Include="GridCtrl\GridDropTarget.cpp">
      <Filter>Source Files</Filter>
    </ClCompile>
    <ClCompile Include="Helper.cpp">
      <Filter>Source Files</Filter>
    </ClCompile>
    <ClCompile Include="IDDialog.cpp">
      <Filter>Source Files</Filter>
    </ClCompile>
    <ClCompile Include="CustomList\InPlaceCombo.cpp">
      <Filter>Source Files</Filter>
    </ClCompile>
    <ClCompile Include="GridCtrl\InPlaceEdit.cpp">
      <Filter>Source Files</Filter>
    </ClCompile>
    <ClCompile Include="MainFrm.cpp">
      <Filter>Source Files</Filter>
    </ClCompile>
    <ClCompile Include="MapScaleView.cpp">
      <Filter>Source Files</Filter>
    </ClCompile>
    <ClCompile Include="MenuView.cpp">
      <Filter>Source Files</Filter>
    </ClCompile>
    <ClCompile Include="MergeBar.cpp">
      <Filter>Source Files</Filter>
    </ClCompile>
    <ClCompile Include="MergeDialog.cpp">
      <Filter>Source Files</Filter>
    </ClCompile>
    <ClCompile Include="MergeView.cpp">
      <Filter>Source Files</Filter>
    </ClCompile>
    <ClCompile Include="NumEdit.cpp">
      <Filter>Source Files</Filter>
    </ClCompile>
    <ClCompile Include="UT\OXCalendar.cpp">
      <Filter>Source Files</Filter>
    </ClCompile>
    <ClCompile Include="UT\OXCalendarPopup.cpp">
      <Filter>Source Files</Filter>
    </ClCompile>
    <ClCompile Include="UT\OXColorPickerCtrl.cpp">
      <Filter>Source Files</Filter>
    </ClCompile>
    <ClCompile Include="UT\OXHookWnd.cpp">
      <Filter>Source Files</Filter>
    </ClCompile>
    <ClCompile Include="UT\OXItemTip.cpp">
      <Filter>Source Files</Filter>
    </ClCompile>
    <ClCompile Include="UT\OXItemTipWnd.cpp">
      <Filter>Source Files</Filter>
    </ClCompile>
    <ClCompile Include="UT\OXLayoutManager.cpp">
      <Filter>Source Files</Filter>
    </ClCompile>
    <ClCompile Include="UT\OXPopupBarCtrl.cpp">
      <Filter>Source Files</Filter>
    </ClCompile>
    <ClCompile Include="UT\OXToolTipCtrl.cpp">
      <Filter>Source Files</Filter>
    </ClCompile>
    <ClCompile Include="UT\OXTreeCal.cpp">
      <Filter>Source Files</Filter>
    </ClCompile>
    <ClCompile Include="UT\OXTreeCombo.cpp">
      <Filter>Source Files</Filter>
    </ClCompile>
    <ClCompile Include="UT\OXTreeCtrl.cpp">
      <Filter>Source Files</Filter>
    </ClCompile>
    <ClCompile Include="UT\OXTreeEdit.cpp">
      <Filter>Source Files</Filter>
    </ClCompile>
    <ClCompile Include="UT\OXTreeHeader.cpp">
      <Filter>Source Files</Filter>
    </ClCompile>
    <ClCompile Include="UT\OXTreeItem.cpp">
      <Filter>Source Files</Filter>
    </ClCompile>
    <ClCompile Include="PicBackground.cpp">
      <Filter>Source Files</Filter>
    </ClCompile>
    <ClCompile Include="PointBar.cpp">
      <Filter>Source Files</Filter>
    </ClCompile>
    <ClCompile Include="PointList.cpp">
      <Filter>Source Files</Filter>
    </ClCompile>
    <ClCompile Include="PointTree.cpp">
      <Filter>Source Files</Filter>
    </ClCompile>
    <ClCompile Include="PropertyListBox.cpp">
      <Filter>Source Files</Filter>
    </ClCompile>
    <ClCompile Include="QualityBar.cpp">
      <Filter>Source Files</Filter>
    </ClCompile>
    <ClCompile Include="RealtimeBackground.cpp">
      <Filter>Source Files</Filter>
    </ClCompile>
    <ClCompile Include="RectF.cpp">
      <Filter>Source Files</Filter>
    </ClCompile>
    <ClCompile Include="Registry.cpp">
      <Filter>Source Files</Filter>
    </ClCompile>
    <ClCompile Include="ScaleComboBox.cpp">
      <Filter>Source Files</Filter>
    </ClCompile>
    <ClCompile Include="SetIDDialog.cpp">
      <Filter>Source Files</Filter>
    </ClCompile>
    <ClCompile Include="Settings.cpp">
      <Filter>Source Files</Filter>
    </ClCompile>
    <ClCompile Include="sizecbar.cpp">
      <Filter>Source Files</Filter>
    </ClCompile>
    <ClCompile Include="SortListBox.cpp">
      <Filter>Source Files</Filter>
    </ClCompile>
    <ClCompile Include="StateCache.cpp">
      <Filter>Source Files</Filter>
    </ClCompile>
    <ClCompile Include="StdAfx.cpp">
      <Filter>Source Files</Filter>
    </ClCompile>
    <ClCompile Include="Sync.cpp">
      <Filter>Source Files</Filter>
    </ClCompile>
    <ClCompile Include="Tfxdatatip.cpp">
      <Filter>Source Files</Filter>
    </ClCompile>
    <ClCompile Include="GridCtrl\TitleTip.cpp">
      <Filter>Source Files</Filter>
    </ClCompile>
    <ClCompile Include="VideoBackground.cpp">
      <Filter>Source Files</Filter>
    </ClCompile>
    <ClCompile Include="VVError.cpp">
      <Filter>Source Files</Filter>
    </ClCompile>
    <ClCompile Include="VVMapEditor.cpp">
      <Filter>Source Files</Filter>
    </ClCompile>
    <ClCompile Include="VVMapEditorDoc.cpp">
      <Filter>Source Files</Filter>
    </ClCompile>
    <ClCompile Include="VVMapEditorView.cpp">
      <Filter>Source Files</Filter>
    </ClCompile>
    <ClCompile Include="Zoom.cpp">
      <Filter>Source Files</Filter>
    </ClCompile>
    <ClCompile Include="ImageBackground.cpp">
      <Filter>Background</Filter>
    </ClCompile>
    <ClCompile Include="db\DBSerializer.cpp">
      <Filter>DB</Filter>
    </ClCompile>
    <ClCompile Include="db\OleDBConnection.cpp">
      <Filter>DB</Filter>
    </ClCompile>
    <ClCompile Include="db\md5\md5.cpp">
      <Filter>DB\md5</Filter>
    </ClCompile>
  </ItemGroup>
  <ItemGroup>
    <ResourceCompile Include="RES\EN\VVMapEditor.rc">
      <Filter>Source Files</Filter>
    </ResourceCompile>
  </ItemGroup>
  <ItemGroup>
    <ClInclude Include="AllMapView.h">
      <Filter>Header Files</Filter>
    </ClInclude>
    <ClInclude Include="AnchorBar.h">
      <Filter>Header Files</Filter>
    </ClInclude>
    <ClInclude Include="AnchorDlg.h">
      <Filter>Header Files</Filter>
    </ClInclude>
    <ClInclude Include="AnchorView.h">
      <Filter>Header Files</Filter>
    </ClInclude>
    <ClInclude Include="CacheDC.h">
      <Filter>Header Files</Filter>
    </ClInclude>
    <ClInclude Include="CameraBar.h">
      <Filter>Header Files</Filter>
    </ClInclude>
    <ClInclude Include="CameraView.h">
      <Filter>Header Files</Filter>
    </ClInclude>
    <ClInclude Include="ChooseCompressor.h">
      <Filter>Header Files</Filter>
    </ClInclude>
    <ClInclude Include="ColorListCtrl.h">
      <Filter>Header Files</Filter>
    </ClInclude>
    <ClInclude Include="ColorOptionPage.h">
      <Filter>Header Files</Filter>
    </ClInclude>
    <ClInclude Include="ColorStatic.h">
      <Filter>Header Files</Filter>
    </ClInclude>
    <ClInclude Include="CustomList\ComboListCtrl.h">
      <Filter>Header Files</Filter>
    </ClInclude>
    <ClInclude Include="CompileBar.h">
      <Filter>Header Files</Filter>
    </ClInclude>
    <ClInclude Include="CreateCADlg.h">
      <Filter>Header Files</Filter>
    </ClInclude>
    <ClInclude Include="CrossCtrl.h">
      <Filter>Header Files</Filter>
    </ClInclude>
    <ClInclude Include="CustomOptionDialog.h">
      <Filter>Header Files</Filter>
    </ClInclude>
    <ClInclude Include="DrawHelper.h">
      <Filter>Header Files</Filter>
    </ClInclude>
    <ClInclude Include="EditTreeCtrl.h">
      <Filter>Header Files</Filter>
    </ClInclude>
    <ClInclude Include="ExceptionHandler.h">
      <Filter>Header Files</Filter>
    </ClInclude>
    <ClInclude Include="ExtentBar.h">
      <Filter>Header Files</Filter>
    </ClInclude>
    <ClInclude Include="ExtentTree.h">
      <Filter>Header Files</Filter>
    </ClInclude>
    <ClInclude Include="ExtentView.h">
      <Filter>Header Files</Filter>
    </ClInclude>
    <ClInclude Include="FigPolyline.h">
      <Filter>Header Files</Filter>
    </ClInclude>
    <ClInclude Include="FileDialogEx.h">
      <Filter>Header Files</Filter>
    </ClInclude>
    <ClInclude Include="FileDialogShortEx.h">
      <Filter>Header Files</Filter>
    </ClInclude>
    <ClInclude Include="IDDialog.h">
      <Filter>Header Files</Filter>
    </ClInclude>
    <ClInclude Include="CustomList\InPlaceCombo.h">
      <Filter>Header Files</Filter>
    </ClInclude>
    <ClInclude Include="CustomList\InPlaceEdit.h">
      <Filter>Header Files</Filter>
    </ClInclude>
    <ClInclude Include="MainFrm.h">
      <Filter>Header Files</Filter>
    </ClInclude>
    <ClInclude Include="MapScaleView.h">
      <Filter>Header Files</Filter>
    </ClInclude>
    <ClInclude Include="MenuView.h">
      <Filter>Header Files</Filter>
    </ClInclude>
    <ClInclude Include="MergeBar.h">
      <Filter>Header Files</Filter>
    </ClInclude>
    <ClInclude Include="MergeDialog.h">
      <Filter>Header Files</Filter>
    </ClInclude>
    <ClInclude Include="MergeView.h">
      <Filter>Header Files</Filter>
    </ClInclude>
    <ClInclude Include="UT\OXLayoutManager.h">
      <Filter>Header Files</Filter>
    </ClInclude>
    <ClInclude Include="PointBar.h">
      <Filter>Header Files</Filter>
    </ClInclude>
    <ClInclude Include="PointList.h">
      <Filter>Header Files</Filter>
    </ClInclude>
    <ClInclude Include="PointTree.h">
      <Filter>Header Files</Filter>
    </ClInclude>
    <ClInclude Include="QualityBar.h">
      <Filter>Header Files</Filter>
    </ClInclude>
    <ClInclude Include="RealtimeBackground.h">
      <Filter>Header Files</Filter>
    </ClInclude>
    <ClInclude Include="RectF.h">
      <Filter>Header Files</Filter>
    </ClInclude>
    <ClInclude Include="Registry.h">
      <Filter>Header Files</Filter>
    </ClInclude>
    <ClInclude Include="Res\resource.h">
      <Filter>Header Files</Filter>
    </ClInclude>
    <ClInclude Include="ScaleComboBox.h">
      <Filter>Header Files</Filter>
    </ClInclude>
    <ClInclude Include="SetIDDialog.h">
      <Filter>Header Files</Filter>
    </ClInclude>
    <ClInclude Include="Settings.h">
      <Filter>Header Files</Filter>
    </ClInclude>
    <ClInclude Include="SortListBox.h">
      <Filter>Header Files</Filter>
    </ClInclude>
    <ClInclude Include="StateCache.h">
      <Filter>Header Files</Filter>
    </ClInclude>
    <ClInclude Include="StdAfx.h">
      <Filter>Header Files</Filter>
    </ClInclude>
    <ClInclude Include="Tfxdatatip.h">
      <Filter>Header Files</Filter>
    </ClInclude>
    <ClInclude Include="VideoBackground.h">
      <Filter>Header Files</Filter>
    </ClInclude>
    <ClInclude Include="VVError.h">
      <Filter>Header Files</Filter>
    </ClInclude>
    <ClInclude Include="VVMapEditor.h">
      <Filter>Header Files</Filter>
    </ClInclude>
    <ClInclude Include="VVMapEditorDoc.h">
      <Filter>Header Files</Filter>
    </ClInclude>
    <ClInclude Include="VVMapEditorView.h">
      <Filter>Header Files</Filter>
    </ClInclude>
    <ClInclude Include="Zoom.h">
      <Filter>Header Files</Filter>
    </ClInclude>
    <ClInclude Include="ImageBackground.h">
      <Filter>Background</Filter>
    </ClInclude>
    <ClInclude Include="db\DBAccessor.h">
      <Filter>DB</Filter>
    </ClInclude>
    <ClInclude Include="db\DBHelper.h">
      <Filter>DB</Filter>
    </ClInclude>
    <ClInclude Include="db\DBSerializer.h">
      <Filter>DB</Filter>
    </ClInclude>
    <ClInclude Include="db\OleDBConnection.h">
      <Filter>DB</Filter>
    </ClInclude>
    <ClInclude Include="db\md5\md5.h">
      <Filter>DB\md5</Filter>
    </ClInclude>
  </ItemGroup>
  <ItemGroup>
    <None Include="UT\OXLayoutManager.inl">
      <Filter>Header Files</Filter>
    </None>
    <None Include="RES\EN\res\cursor1.cur">
      <Filter>Resource Files</Filter>
    </None>
    <None Include="res\VVMapEditor.rc2">
      <Filter>Resource Files</Filter>
    </None>
  </ItemGroup>
  <ItemGroup>
    <Image Include="res\EN\res\bitmap1.bmp">
      <Filter>Resource Files</Filter>
    </Image>
    <Image Include="res\EN\res\bitmap2.bmp">
      <Filter>Resource Files</Filter>
    </Image>
    <Image Include="res\EN\res\bmp00001.bmp">
      <Filter>Resource Files</Filter>
    </Image>
    <Image Include="res\EN\res\bmp00002.bmp">
      <Filter>Resource Files</Filter>
    </Image>
    <Image Include="RES\EN\res\bmp00003.bmp">
      <Filter>Resource Files</Filter>
    </Image>
    <Image Include="RES\EN\res\GetXY.bmp">
      <Filter>Resource Files</Filter>
    </Image>
    <Image Include="res\icon1.ico">
      <Filter>Resource Files</Filter>
    </Image>
    <Image Include="Res\En\res\Toolbar.bmp">
      <Filter>Resource Files</Filter>
    </Image>
    <Image Include="res\Toolbar.bmp">
      <Filter>Resource Files</Filter>
    </Image>
    <Image Include="Res\En\res\toolbar1.bmp">
      <Filter>Resource Files</Filter>
    </Image>
    <Image Include="res\toolbar1.bmp">
      <Filter>Resource Files</Filter>
    </Image>
    <Image Include="RES\EN\res\VVMapEditor.ico">
      <Filter>Resource Files</Filter>
    </Image>
    <Image Include="RES\EN\res\VVMapEditorDoc.ico">
      <Filter>Resource Files</Filter>
    </Image>
  </ItemGroup>
  <ItemGroup>
    <Text Include="ReadMe.txt" />
  </ItemGroup>
</Project>